// !$*UTF8*$!
{
	archiveVersion = 1;
	classes = {
	};
	objectVersion = 50;
	objects = {

/* Begin PBXBuildFile section */
		2384142CDF5DE7A4E5860E19 /* Pods_WhatToWearCommonTesting.framework in Frameworks */ = {isa = PBXBuildFile; fileRef = D6097F81BF67239B195BB8A8 /* Pods_WhatToWearCommonTesting.framework */; };
		2384BADE279EA9C1A637CE0F /* Pods_WhatToWearCommonTestingTests.framework in Frameworks */ = {isa = PBXBuildFile; fileRef = D42B813936B449A29D130591 /* Pods_WhatToWearCommonTestingTests.framework */; };
		75B70FF420FB2C52007242EF /* WhatToWearCommonTesting.framework in Frameworks */ = {isa = PBXBuildFile; fileRef = 75B70FEA20FB2C51007242EF /* WhatToWearCommonTesting.framework */; };
		75B70FFB20FB2C52007242EF /* WhatToWearCommonTesting.h in Headers */ = {isa = PBXBuildFile; fileRef = 75B70FED20FB2C51007242EF /* WhatToWearCommonTesting.h */; settings = {ATTRIBUTES = (Public, ); }; };
		75B7101120FB2F71007242EF /* FixtureProtocol.swift in Sources */ = {isa = PBXBuildFile; fileRef = 75B7100F20FB2F70007242EF /* FixtureProtocol.swift */; };
		75B7101220FB2F71007242EF /* Fixturable.swift in Sources */ = {isa = PBXBuildFile; fileRef = 75B7101020FB2F71007242EF /* Fixturable.swift */; };
		75B7101520FB321A007242EF /* FixtureProtocolSpec.swift in Sources */ = {isa = PBXBuildFile; fileRef = 75B7101420FB321A007242EF /* FixtureProtocolSpec.swift */; };
		75B7101820FB34D7007242EF /* basic-model.json in Resources */ = {isa = PBXBuildFile; fileRef = 75B7101720FB34D7007242EF /* basic-model.json */; };
/* End PBXBuildFile section */

/* Begin PBXContainerItemProxy section */
		75B70FF520FB2C52007242EF /* PBXContainerItemProxy */ = {
			isa = PBXContainerItemProxy;
			containerPortal = 75B70FE120FB2C51007242EF /* Project object */;
			proxyType = 1;
			remoteGlobalIDString = 75B70FE920FB2C51007242EF;
			remoteInfo = WhatToWearCommonTesting;
		};
/* End PBXContainerItemProxy section */

/* Begin PBXFileReference section */
		2C3DD600A825AF7212698098 /* Pods-WhatToWearCommonTestingTests.release.xcconfig */ = {isa = PBXFileReference; includeInIndex = 1; lastKnownFileType = text.xcconfig; name = "Pods-WhatToWearCommonTestingTests.release.xcconfig"; path = "Pods/Target Support Files/Pods-WhatToWearCommonTestingTests/Pods-WhatToWearCommonTestingTests.release.xcconfig"; sourceTree = "<group>"; };
		59B012D21D223916F8DE8F64 /* Pods-WhatToWearCommonTesting.release.xcconfig */ = {isa = PBXFileReference; includeInIndex = 1; lastKnownFileType = text.xcconfig; name = "Pods-WhatToWearCommonTesting.release.xcconfig"; path = "Pods/Target Support Files/Pods-WhatToWearCommonTesting/Pods-WhatToWearCommonTesting.release.xcconfig"; sourceTree = "<group>"; };
		75B70FEA20FB2C51007242EF /* WhatToWearCommonTesting.framework */ = {isa = PBXFileReference; explicitFileType = wrapper.framework; includeInIndex = 0; path = WhatToWearCommonTesting.framework; sourceTree = BUILT_PRODUCTS_DIR; };
		75B70FED20FB2C51007242EF /* WhatToWearCommonTesting.h */ = {isa = PBXFileReference; lastKnownFileType = sourcecode.c.h; path = WhatToWearCommonTesting.h; sourceTree = "<group>"; };
		75B70FEE20FB2C51007242EF /* Info.plist */ = {isa = PBXFileReference; lastKnownFileType = text.plist.xml; path = Info.plist; sourceTree = "<group>"; };
		75B70FF320FB2C52007242EF /* WhatToWearCommonTestingTests.xctest */ = {isa = PBXFileReference; explicitFileType = wrapper.cfbundle; includeInIndex = 0; path = WhatToWearCommonTestingTests.xctest; sourceTree = BUILT_PRODUCTS_DIR; };
		75B70FFA20FB2C52007242EF /* Info.plist */ = {isa = PBXFileReference; lastKnownFileType = text.plist.xml; path = Info.plist; sourceTree = "<group>"; };
		75B7100620FB2D21007242EF /* WhatToWearCommonTesting.podspec */ = {isa = PBXFileReference; explicitFileType = text.script.ruby; path = WhatToWearCommonTesting.podspec; sourceTree = "<group>"; };
		75B7100720FB2D21007242EF /* Package.swift */ = {isa = PBXFileReference; lastKnownFileType = sourcecode.swift; path = Package.swift; sourceTree = "<group>"; };
		75B7100820FB2D21007242EF /* .swiftlint.yml */ = {isa = PBXFileReference; lastKnownFileType = text; path = .swiftlint.yml; sourceTree = "<group>"; };
		75B7100920FB2D21007242EF /* .gitignore */ = {isa = PBXFileReference; lastKnownFileType = text; path = .gitignore; sourceTree = "<group>"; };
		75B7100A20FB2D22007242EF /* Gemfile */ = {isa = PBXFileReference; lastKnownFileType = text; path = Gemfile; sourceTree = "<group>"; };
		75B7100B20FB2E3A007242EF /* Podfile */ = {isa = PBXFileReference; explicitFileType = text.script.ruby; path = Podfile; sourceTree = "<group>"; xcLanguageSpecificationIdentifier = xcode.lang.ruby; };
		75B7100F20FB2F70007242EF /* FixtureProtocol.swift */ = {isa = PBXFileReference; fileEncoding = 4; lastKnownFileType = sourcecode.swift; path = FixtureProtocol.swift; sourceTree = "<group>"; };
		75B7101020FB2F71007242EF /* Fixturable.swift */ = {isa = PBXFileReference; fileEncoding = 4; lastKnownFileType = sourcecode.swift; path = Fixturable.swift; sourceTree = "<group>"; };
		75B7101420FB321A007242EF /* FixtureProtocolSpec.swift */ = {isa = PBXFileReference; lastKnownFileType = sourcecode.swift; path = FixtureProtocolSpec.swift; sourceTree = "<group>"; };
		75B7101720FB34D7007242EF /* basic-model.json */ = {isa = PBXFileReference; lastKnownFileType = text.json; path = "basic-model.json"; sourceTree = "<group>"; };
		9A98FD7553FD3848BDEF6976 /* Pods-WhatToWearCommonTestingTests.debug.xcconfig */ = {isa = PBXFileReference; includeInIndex = 1; lastKnownFileType = text.xcconfig; name = "Pods-WhatToWearCommonTestingTests.debug.xcconfig"; path = "Pods/Target Support Files/Pods-WhatToWearCommonTestingTests/Pods-WhatToWearCommonTestingTests.debug.xcconfig"; sourceTree = "<group>"; };
		A1083A786F4077E28A6F2241 /* Pods-WhatToWearCommonTesting.debug.xcconfig */ = {isa = PBXFileReference; includeInIndex = 1; lastKnownFileType = text.xcconfig; name = "Pods-WhatToWearCommonTesting.debug.xcconfig"; path = "Pods/Target Support Files/Pods-WhatToWearCommonTesting/Pods-WhatToWearCommonTesting.debug.xcconfig"; sourceTree = "<group>"; };
		D42B813936B449A29D130591 /* Pods_WhatToWearCommonTestingTests.framework */ = {isa = PBXFileReference; explicitFileType = wrapper.framework; includeInIndex = 0; path = Pods_WhatToWearCommonTestingTests.framework; sourceTree = BUILT_PRODUCTS_DIR; };
		D6097F81BF67239B195BB8A8 /* Pods_WhatToWearCommonTesting.framework */ = {isa = PBXFileReference; explicitFileType = wrapper.framework; includeInIndex = 0; path = Pods_WhatToWearCommonTesting.framework; sourceTree = BUILT_PRODUCTS_DIR; };
/* End PBXFileReference section */

/* Begin PBXFrameworksBuildPhase section */
		75B70FE620FB2C51007242EF /* Frameworks */ = {
			isa = PBXFrameworksBuildPhase;
			buildActionMask = 2147483647;
			files = (
				2384142CDF5DE7A4E5860E19 /* Pods_WhatToWearCommonTesting.framework in Frameworks */,
			);
			runOnlyForDeploymentPostprocessing = 0;
		};
		75B70FF020FB2C52007242EF /* Frameworks */ = {
			isa = PBXFrameworksBuildPhase;
			buildActionMask = 2147483647;
			files = (
				75B70FF420FB2C52007242EF /* WhatToWearCommonTesting.framework in Frameworks */,
				2384BADE279EA9C1A637CE0F /* Pods_WhatToWearCommonTestingTests.framework in Frameworks */,
			);
			runOnlyForDeploymentPostprocessing = 0;
		};
/* End PBXFrameworksBuildPhase section */

/* Begin PBXGroup section */
		3BCB98355B40A1586FF76464 /* Pods */ = {
			isa = PBXGroup;
			children = (
				A1083A786F4077E28A6F2241 /* Pods-WhatToWearCommonTesting.debug.xcconfig */,
				59B012D21D223916F8DE8F64 /* Pods-WhatToWearCommonTesting.release.xcconfig */,
				9A98FD7553FD3848BDEF6976 /* Pods-WhatToWearCommonTestingTests.debug.xcconfig */,
				2C3DD600A825AF7212698098 /* Pods-WhatToWearCommonTestingTests.release.xcconfig */,
			);
			name = Pods;
			sourceTree = "<group>";
		};
		759E692F21070405000F7F8F /* Protocols */ = {
			isa = PBXGroup;
			children = (
				75B7101420FB321A007242EF /* FixtureProtocolSpec.swift */,
			);
			path = Protocols;
			sourceTree = "<group>";
		};
		75B70FE020FB2C51007242EF = {
			isa = PBXGroup;
			children = (
				75B7100B20FB2E3A007242EF /* Podfile */,
				75B7100920FB2D21007242EF /* .gitignore */,
				75B7100820FB2D21007242EF /* .swiftlint.yml */,
				75B7100A20FB2D22007242EF /* Gemfile */,
				75B7100720FB2D21007242EF /* Package.swift */,
				75B7100620FB2D21007242EF /* WhatToWearCommonTesting.podspec */,
				75B70FEC20FB2C51007242EF /* WhatToWearCommonTesting */,
				75B70FF720FB2C52007242EF /* WhatToWearCommonTestingTests */,
				75B70FEB20FB2C51007242EF /* Products */,
				3BCB98355B40A1586FF76464 /* Pods */,
				E5E255D659EC0CCBF23E3648 /* Frameworks */,
			);
			sourceTree = "<group>";
		};
		75B70FEB20FB2C51007242EF /* Products */ = {
			isa = PBXGroup;
			children = (
				75B70FEA20FB2C51007242EF /* WhatToWearCommonTesting.framework */,
				75B70FF320FB2C52007242EF /* WhatToWearCommonTestingTests.xctest */,
			);
			name = Products;
			sourceTree = "<group>";
		};
		75B70FEC20FB2C51007242EF /* WhatToWearCommonTesting */ = {
			isa = PBXGroup;
			children = (
				75B7100E20FB2EDD007242EF /* Protocols */,
				75B7100420FB2C9D007242EF /* Supporting Files */,
			);
			path = WhatToWearCommonTesting;
			sourceTree = "<group>";
		};
		75B70FF720FB2C52007242EF /* WhatToWearCommonTestingTests */ = {
			isa = PBXGroup;
			children = (
				75B7101620FB34A4007242EF /* Example Data */,
				75B7101320FB3208007242EF /* Specs */,
				75B7100520FB2CBB007242EF /* Supporting Files */,
			);
			path = WhatToWearCommonTestingTests;
			sourceTree = "<group>";
		};
		75B7100420FB2C9D007242EF /* Supporting Files */ = {
			isa = PBXGroup;
			children = (
				75B70FED20FB2C51007242EF /* WhatToWearCommonTesting.h */,
				75B70FEE20FB2C51007242EF /* Info.plist */,
			);
			path = "Supporting Files";
			sourceTree = "<group>";
		};
		75B7100520FB2CBB007242EF /* Supporting Files */ = {
			isa = PBXGroup;
			children = (
				75B70FFA20FB2C52007242EF /* Info.plist */,
			);
			path = "Supporting Files";
			sourceTree = "<group>";
		};
		75B7100E20FB2EDD007242EF /* Protocols */ = {
			isa = PBXGroup;
			children = (
				75B7101020FB2F71007242EF /* Fixturable.swift */,
				75B7100F20FB2F70007242EF /* FixtureProtocol.swift */,
			);
			path = Protocols;
			sourceTree = "<group>";
		};
		75B7101320FB3208007242EF /* Specs */ = {
			isa = PBXGroup;
			children = (
				759E692F21070405000F7F8F /* Protocols */,
			);
			path = Specs;
			sourceTree = "<group>";
		};
		75B7101620FB34A4007242EF /* Example Data */ = {
			isa = PBXGroup;
			children = (
				75B7101720FB34D7007242EF /* basic-model.json */,
			);
			path = "Example Data";
			sourceTree = "<group>";
		};
		E5E255D659EC0CCBF23E3648 /* Frameworks */ = {
			isa = PBXGroup;
			children = (
				D6097F81BF67239B195BB8A8 /* Pods_WhatToWearCommonTesting.framework */,
				D42B813936B449A29D130591 /* Pods_WhatToWearCommonTestingTests.framework */,
			);
			name = Frameworks;
			sourceTree = "<group>";
		};
/* End PBXGroup section */

/* Begin PBXHeadersBuildPhase section */
		75B70FE720FB2C51007242EF /* Headers */ = {
			isa = PBXHeadersBuildPhase;
			buildActionMask = 2147483647;
			files = (
				75B70FFB20FB2C52007242EF /* WhatToWearCommonTesting.h in Headers */,
			);
			runOnlyForDeploymentPostprocessing = 0;
		};
/* End PBXHeadersBuildPhase section */

/* Begin PBXNativeTarget section */
		75B70FE920FB2C51007242EF /* WhatToWearCommonTesting */ = {
			isa = PBXNativeTarget;
			buildConfigurationList = 75B70FFE20FB2C52007242EF /* Build configuration list for PBXNativeTarget "WhatToWearCommonTesting" */;
			buildPhases = (
				F58D2724AC46F9B056FBFDC5 /* [CP] Check Pods Manifest.lock */,
				75B70FE520FB2C51007242EF /* Sources */,
				75B70FE620FB2C51007242EF /* Frameworks */,
				75B70FE720FB2C51007242EF /* Headers */,
				75B70FE820FB2C51007242EF /* Resources */,
				75B7100C20FB2EAC007242EF /* SwiftLint autocorrect */,
				75B7100D20FB2EB9007242EF /* SwiftLint lint */,
				7597B6A720FDD36800E420F7 /* Highlight TODOs and FIXMEs */,
			);
			buildRules = (
			);
			dependencies = (
			);
			name = WhatToWearCommonTesting;
			productName = WhatToWearCommonTesting;
			productReference = 75B70FEA20FB2C51007242EF /* WhatToWearCommonTesting.framework */;
			productType = "com.apple.product-type.framework";
		};
		75B70FF220FB2C52007242EF /* WhatToWearCommonTestingTests */ = {
			isa = PBXNativeTarget;
			buildConfigurationList = 75B7100120FB2C52007242EF /* Build configuration list for PBXNativeTarget "WhatToWearCommonTestingTests" */;
			buildPhases = (
				19C03291D1893577B7E5A226 /* [CP] Check Pods Manifest.lock */,
				75B70FEF20FB2C52007242EF /* Sources */,
				75B70FF020FB2C52007242EF /* Frameworks */,
				75B70FF120FB2C52007242EF /* Resources */,
				BCF5699DF89C1E989B33FF93 /* [CP] Embed Pods Frameworks */,
			);
			buildRules = (
			);
			dependencies = (
				75B70FF620FB2C52007242EF /* PBXTargetDependency */,
			);
			name = WhatToWearCommonTestingTests;
			productName = WhatToWearCommonTestingTests;
			productReference = 75B70FF320FB2C52007242EF /* WhatToWearCommonTestingTests.xctest */;
			productType = "com.apple.product-type.bundle.unit-test";
		};
/* End PBXNativeTarget section */

/* Begin PBXProject section */
		75B70FE120FB2C51007242EF /* Project object */ = {
			isa = PBXProject;
			attributes = {
				LastSwiftUpdateCheck = 0940;
				LastUpgradeCheck = 0940;
				ORGANIZATIONNAME = Noobish1;
				TargetAttributes = {
					75B70FE920FB2C51007242EF = {
						CreatedOnToolsVersion = 9.4;
						LastSwiftMigration = 0940;
					};
					75B70FF220FB2C52007242EF = {
						CreatedOnToolsVersion = 9.4;
						LastSwiftMigration = 0940;
					};
				};
			};
			buildConfigurationList = 75B70FE420FB2C51007242EF /* Build configuration list for PBXProject "WhatToWearCommonTesting" */;
			compatibilityVersion = "Xcode 9.3";
			developmentRegion = en;
			hasScannedForEncodings = 0;
			knownRegions = (
				en,
			);
			mainGroup = 75B70FE020FB2C51007242EF;
			productRefGroup = 75B70FEB20FB2C51007242EF /* Products */;
			projectDirPath = "";
			projectRoot = "";
			targets = (
				75B70FE920FB2C51007242EF /* WhatToWearCommonTesting */,
				75B70FF220FB2C52007242EF /* WhatToWearCommonTestingTests */,
			);
		};
/* End PBXProject section */

/* Begin PBXResourcesBuildPhase section */
		75B70FE820FB2C51007242EF /* Resources */ = {
			isa = PBXResourcesBuildPhase;
			buildActionMask = 2147483647;
			files = (
			);
			runOnlyForDeploymentPostprocessing = 0;
		};
		75B70FF120FB2C52007242EF /* Resources */ = {
			isa = PBXResourcesBuildPhase;
			buildActionMask = 2147483647;
			files = (
				75B7101820FB34D7007242EF /* basic-model.json in Resources */,
			);
			runOnlyForDeploymentPostprocessing = 0;
		};
/* End PBXResourcesBuildPhase section */

/* Begin PBXShellScriptBuildPhase section */
		19C03291D1893577B7E5A226 /* [CP] Check Pods Manifest.lock */ = {
			isa = PBXShellScriptBuildPhase;
			buildActionMask = 2147483647;
			files = (
			);
			inputPaths = (
				"${PODS_PODFILE_DIR_PATH}/Podfile.lock",
				"${PODS_ROOT}/Manifest.lock",
			);
			name = "[CP] Check Pods Manifest.lock";
			outputPaths = (
				"$(DERIVED_FILE_DIR)/Pods-WhatToWearCommonTestingTests-checkManifestLockResult.txt",
			);
			runOnlyForDeploymentPostprocessing = 0;
			shellPath = /bin/sh;
			shellScript = "diff \"${PODS_PODFILE_DIR_PATH}/Podfile.lock\" \"${PODS_ROOT}/Manifest.lock\" > /dev/null\nif [ $? != 0 ] ; then\n    # print error to STDERR\n    echo \"error: The sandbox is not in sync with the Podfile.lock. Run 'pod install' or update your CocoaPods installation.\" >&2\n    exit 1\nfi\n# This output is used by Xcode 'outputs' to avoid re-running this script phase.\necho \"SUCCESS\" > \"${SCRIPT_OUTPUT_FILE_0}\"\n";
			showEnvVarsInLog = 0;
		};
		7597B6A720FDD36800E420F7 /* Highlight TODOs and FIXMEs */ = {
			isa = PBXShellScriptBuildPhase;
			buildActionMask = 2147483647;
			files = (
			);
			inputPaths = (
			);
			name = "Highlight TODOs and FIXMEs";
			outputPaths = (
			);
			runOnlyForDeploymentPostprocessing = 0;
			shellPath = /bin/sh;
			shellScript = "KEYWORDS=\"TODO|FIXME|\\?\\?\\?:|\\!\\!\\!:\"\nfind \"${SRCROOT}\" \\( -name \"*.h\" -or -name \"*.m\" -or -name \"*.swift\" \\) -not -path \"*/Pods/*\" -print0 | \\\nxargs -0 egrep --with-filename --line-number --only-matching \"($KEYWORDS).*\\$\" | \\\nperl -p -e \"s/($KEYWORDS)/ warning: \\$1/\"";
		};
		75B7100C20FB2EAC007242EF /* SwiftLint autocorrect */ = {
			isa = PBXShellScriptBuildPhase;
			buildActionMask = 2147483647;
			files = (
			);
			inputPaths = (
			);
			name = "SwiftLint autocorrect";
			outputPaths = (
			);
			runOnlyForDeploymentPostprocessing = 0;
			shellPath = /bin/sh;
			shellScript = "\"${PODS_ROOT}/SwiftLint/swiftlint\" autocorrect --quiet";
		};
		75B7100D20FB2EB9007242EF /* SwiftLint lint */ = {
			isa = PBXShellScriptBuildPhase;
			buildActionMask = 2147483647;
			files = (
			);
			inputPaths = (
			);
			name = "SwiftLint lint";
			outputPaths = (
			);
			runOnlyForDeploymentPostprocessing = 0;
			shellPath = /bin/sh;
			shellScript = "set -e\nset -o pipefail\n\n\"${PODS_ROOT}/SwiftLint/swiftlint\" --quiet --strict | sed 's/warning:/error:/g'";
		};
		BCF5699DF89C1E989B33FF93 /* [CP] Embed Pods Frameworks */ = {
			isa = PBXShellScriptBuildPhase;
			buildActionMask = 2147483647;
			files = (
			);
			inputPaths = (
				"${SRCROOT}/Pods/Target Support Files/Pods-WhatToWearCommonTestingTests/Pods-WhatToWearCommonTestingTests-frameworks.sh",
				"${BUILT_PRODUCTS_DIR}/Nimble/Nimble.framework",
				"${BUILT_PRODUCTS_DIR}/Quick/Quick.framework",
			);
			name = "[CP] Embed Pods Frameworks";
			outputPaths = (
				"${TARGET_BUILD_DIR}/${FRAMEWORKS_FOLDER_PATH}/Nimble.framework",
				"${TARGET_BUILD_DIR}/${FRAMEWORKS_FOLDER_PATH}/Quick.framework",
			);
			runOnlyForDeploymentPostprocessing = 0;
			shellPath = /bin/sh;
			shellScript = "\"${SRCROOT}/Pods/Target Support Files/Pods-WhatToWearCommonTestingTests/Pods-WhatToWearCommonTestingTests-frameworks.sh\"\n";
			showEnvVarsInLog = 0;
		};
		F58D2724AC46F9B056FBFDC5 /* [CP] Check Pods Manifest.lock */ = {
			isa = PBXShellScriptBuildPhase;
			buildActionMask = 2147483647;
			files = (
			);
			inputPaths = (
				"${PODS_PODFILE_DIR_PATH}/Podfile.lock",
				"${PODS_ROOT}/Manifest.lock",
			);
			name = "[CP] Check Pods Manifest.lock";
			outputPaths = (
				"$(DERIVED_FILE_DIR)/Pods-WhatToWearCommonTesting-checkManifestLockResult.txt",
			);
			runOnlyForDeploymentPostprocessing = 0;
			shellPath = /bin/sh;
			shellScript = "diff \"${PODS_PODFILE_DIR_PATH}/Podfile.lock\" \"${PODS_ROOT}/Manifest.lock\" > /dev/null\nif [ $? != 0 ] ; then\n    # print error to STDERR\n    echo \"error: The sandbox is not in sync with the Podfile.lock. Run 'pod install' or update your CocoaPods installation.\" >&2\n    exit 1\nfi\n# This output is used by Xcode 'outputs' to avoid re-running this script phase.\necho \"SUCCESS\" > \"${SCRIPT_OUTPUT_FILE_0}\"\n";
			showEnvVarsInLog = 0;
		};
/* End PBXShellScriptBuildPhase section */

/* Begin PBXSourcesBuildPhase section */
		75B70FE520FB2C51007242EF /* Sources */ = {
			isa = PBXSourcesBuildPhase;
			buildActionMask = 2147483647;
			files = (
				75B7101120FB2F71007242EF /* FixtureProtocol.swift in Sources */,
				75B7101220FB2F71007242EF /* Fixturable.swift in Sources */,
			);
			runOnlyForDeploymentPostprocessing = 0;
		};
		75B70FEF20FB2C52007242EF /* Sources */ = {
			isa = PBXSourcesBuildPhase;
			buildActionMask = 2147483647;
			files = (
				75B7101520FB321A007242EF /* FixtureProtocolSpec.swift in Sources */,
			);
			runOnlyForDeploymentPostprocessing = 0;
		};
/* End PBXSourcesBuildPhase section */

/* Begin PBXTargetDependency section */
		75B70FF620FB2C52007242EF /* PBXTargetDependency */ = {
			isa = PBXTargetDependency;
			target = 75B70FE920FB2C51007242EF /* WhatToWearCommonTesting */;
			targetProxy = 75B70FF520FB2C52007242EF /* PBXContainerItemProxy */;
		};
/* End PBXTargetDependency section */

/* Begin XCBuildConfiguration section */
		75B70FFC20FB2C52007242EF /* Debug */ = {
			isa = XCBuildConfiguration;
			buildSettings = {
				ALWAYS_SEARCH_USER_PATHS = NO;
				CLANG_ANALYZER_NONNULL = YES;
				CLANG_ANALYZER_NUMBER_OBJECT_CONVERSION = YES_AGGRESSIVE;
				CLANG_CXX_LANGUAGE_STANDARD = "gnu++14";
				CLANG_CXX_LIBRARY = "libc++";
				CLANG_ENABLE_MODULES = YES;
				CLANG_ENABLE_OBJC_ARC = YES;
				CLANG_ENABLE_OBJC_WEAK = YES;
				CLANG_WARN_BLOCK_CAPTURE_AUTORELEASING = YES;
				CLANG_WARN_BOOL_CONVERSION = YES;
				CLANG_WARN_COMMA = YES;
				CLANG_WARN_CONSTANT_CONVERSION = YES;
				CLANG_WARN_DEPRECATED_OBJC_IMPLEMENTATIONS = YES;
				CLANG_WARN_DIRECT_OBJC_ISA_USAGE = YES_ERROR;
				CLANG_WARN_DOCUMENTATION_COMMENTS = YES;
				CLANG_WARN_EMPTY_BODY = YES;
				CLANG_WARN_ENUM_CONVERSION = YES;
				CLANG_WARN_INFINITE_RECURSION = YES;
				CLANG_WARN_INT_CONVERSION = YES;
				CLANG_WARN_NON_LITERAL_NULL_CONVERSION = YES;
				CLANG_WARN_OBJC_IMPLICIT_RETAIN_SELF = YES;
				CLANG_WARN_OBJC_LITERAL_CONVERSION = YES;
				CLANG_WARN_OBJC_ROOT_CLASS = YES_ERROR;
				CLANG_WARN_RANGE_LOOP_ANALYSIS = YES;
				CLANG_WARN_STRICT_PROTOTYPES = YES;
				CLANG_WARN_SUSPICIOUS_MOVE = YES;
				CLANG_WARN_UNGUARDED_AVAILABILITY = YES_AGGRESSIVE;
				CLANG_WARN_UNREACHABLE_CODE = YES;
				CLANG_WARN__DUPLICATE_METHOD_MATCH = YES;
				CODE_SIGN_IDENTITY = "iPhone Developer";
				COPY_PHASE_STRIP = NO;
				CURRENT_PROJECT_VERSION = 7;
				DEBUG_INFORMATION_FORMAT = dwarf;
				ENABLE_STRICT_OBJC_MSGSEND = YES;
				ENABLE_TESTABILITY = YES;
				GCC_C_LANGUAGE_STANDARD = gnu11;
				GCC_DYNAMIC_NO_PIC = NO;
				GCC_NO_COMMON_BLOCKS = YES;
				GCC_OPTIMIZATION_LEVEL = 0;
				GCC_PREPROCESSOR_DEFINITIONS = (
					"DEBUG=1",
					"$(inherited)",
				);
				GCC_WARN_64_TO_32_BIT_CONVERSION = YES;
				GCC_WARN_ABOUT_RETURN_TYPE = YES_ERROR;
				GCC_WARN_UNDECLARED_SELECTOR = YES;
				GCC_WARN_UNINITIALIZED_AUTOS = YES_AGGRESSIVE;
				GCC_WARN_UNUSED_FUNCTION = YES;
				GCC_WARN_UNUSED_VARIABLE = YES;
				IPHONEOS_DEPLOYMENT_TARGET = 11.4;
				MTL_ENABLE_DEBUG_INFO = YES;
				ONLY_ACTIVE_ARCH = YES;
				OTHER_SWIFT_FLAGS = "-Xfrontend -warn-long-function-bodies=150 -Xfrontend -warn-long-expression-type-checking=150";
				SDKROOT = iphoneos;
				SWIFT_ACTIVE_COMPILATION_CONDITIONS = DEBUG;
				SWIFT_OPTIMIZATION_LEVEL = "-Onone";
				SWIFT_TREAT_WARNINGS_AS_ERRORS = YES;
				SWIFT_VERSION = 4.2;
				VERSIONING_SYSTEM = "apple-generic";
				VERSION_INFO_PREFIX = "";
			};
			name = Debug;
		};
		75B70FFD20FB2C52007242EF /* Release */ = {
			isa = XCBuildConfiguration;
			buildSettings = {
				ALWAYS_SEARCH_USER_PATHS = NO;
				CLANG_ANALYZER_NONNULL = YES;
				CLANG_ANALYZER_NUMBER_OBJECT_CONVERSION = YES_AGGRESSIVE;
				CLANG_CXX_LANGUAGE_STANDARD = "gnu++14";
				CLANG_CXX_LIBRARY = "libc++";
				CLANG_ENABLE_MODULES = YES;
				CLANG_ENABLE_OBJC_ARC = YES;
				CLANG_ENABLE_OBJC_WEAK = YES;
				CLANG_WARN_BLOCK_CAPTURE_AUTORELEASING = YES;
				CLANG_WARN_BOOL_CONVERSION = YES;
				CLANG_WARN_COMMA = YES;
				CLANG_WARN_CONSTANT_CONVERSION = YES;
				CLANG_WARN_DEPRECATED_OBJC_IMPLEMENTATIONS = YES;
				CLANG_WARN_DIRECT_OBJC_ISA_USAGE = YES_ERROR;
				CLANG_WARN_DOCUMENTATION_COMMENTS = YES;
				CLANG_WARN_EMPTY_BODY = YES;
				CLANG_WARN_ENUM_CONVERSION = YES;
				CLANG_WARN_INFINITE_RECURSION = YES;
				CLANG_WARN_INT_CONVERSION = YES;
				CLANG_WARN_NON_LITERAL_NULL_CONVERSION = YES;
				CLANG_WARN_OBJC_IMPLICIT_RETAIN_SELF = YES;
				CLANG_WARN_OBJC_LITERAL_CONVERSION = YES;
				CLANG_WARN_OBJC_ROOT_CLASS = YES_ERROR;
				CLANG_WARN_RANGE_LOOP_ANALYSIS = YES;
				CLANG_WARN_STRICT_PROTOTYPES = YES;
				CLANG_WARN_SUSPICIOUS_MOVE = YES;
				CLANG_WARN_UNGUARDED_AVAILABILITY = YES_AGGRESSIVE;
				CLANG_WARN_UNREACHABLE_CODE = YES;
				CLANG_WARN__DUPLICATE_METHOD_MATCH = YES;
				CODE_SIGN_IDENTITY = "iPhone Developer";
				COPY_PHASE_STRIP = NO;
				CURRENT_PROJECT_VERSION = 7;
				DEBUG_INFORMATION_FORMAT = "dwarf-with-dsym";
				ENABLE_NS_ASSERTIONS = NO;
				ENABLE_STRICT_OBJC_MSGSEND = YES;
				GCC_C_LANGUAGE_STANDARD = gnu11;
				GCC_NO_COMMON_BLOCKS = YES;
				GCC_WARN_64_TO_32_BIT_CONVERSION = YES;
				GCC_WARN_ABOUT_RETURN_TYPE = YES_ERROR;
				GCC_WARN_UNDECLARED_SELECTOR = YES;
				GCC_WARN_UNINITIALIZED_AUTOS = YES_AGGRESSIVE;
				GCC_WARN_UNUSED_FUNCTION = YES;
				GCC_WARN_UNUSED_VARIABLE = YES;
				IPHONEOS_DEPLOYMENT_TARGET = 11.4;
				MTL_ENABLE_DEBUG_INFO = NO;
				SDKROOT = iphoneos;
				SWIFT_COMPILATION_MODE = wholemodule;
				SWIFT_OPTIMIZATION_LEVEL = "-O";
				SWIFT_TREAT_WARNINGS_AS_ERRORS = YES;
				SWIFT_VERSION = 4.2;
				VALIDATE_PRODUCT = YES;
				VERSIONING_SYSTEM = "apple-generic";
				VERSION_INFO_PREFIX = "";
			};
			name = Release;
		};
		75B70FFF20FB2C52007242EF /* Debug */ = {
			isa = XCBuildConfiguration;
			baseConfigurationReference = A1083A786F4077E28A6F2241 /* Pods-WhatToWearCommonTesting.debug.xcconfig */;
			buildSettings = {
				CLANG_ENABLE_MODULES = YES;
				CODE_SIGN_IDENTITY = "";
				CODE_SIGN_STYLE = Automatic;
				DEFINES_MODULE = YES;
				DEVELOPMENT_TEAM = 3JE2245GFQ;
				DYLIB_COMPATIBILITY_VERSION = 1;
				DYLIB_CURRENT_VERSION = 7;
				DYLIB_INSTALL_NAME_BASE = "@rpath";
				INFOPLIST_FILE = "WhatToWearCommonTesting/Supporting Files/Info.plist";
				INSTALL_PATH = "$(LOCAL_LIBRARY_DIR)/Frameworks";
				IPHONEOS_DEPLOYMENT_TARGET = 10.0;
				LD_RUNPATH_SEARCH_PATHS = (
					"$(inherited)",
					"@executable_path/Frameworks",
					"@loader_path/Frameworks",
				);
				PRODUCT_BUNDLE_IDENTIFIER = com.noobish1.WhatToWearCommonTesting;
				PRODUCT_NAME = "$(TARGET_NAME:c99extidentifier)";
				SKIP_INSTALL = YES;
				SWIFT_OPTIMIZATION_LEVEL = "-Onone";
				TARGETED_DEVICE_FAMILY = "1,2";
			};
			name = Debug;
		};
		75B7100020FB2C52007242EF /* Release */ = {
			isa = XCBuildConfiguration;
			baseConfigurationReference = 59B012D21D223916F8DE8F64 /* Pods-WhatToWearCommonTesting.release.xcconfig */;
			buildSettings = {
				CLANG_ENABLE_MODULES = YES;
				CODE_SIGN_IDENTITY = "";
				CODE_SIGN_STYLE = Automatic;
				DEFINES_MODULE = YES;
				DEVELOPMENT_TEAM = 3JE2245GFQ;
				DYLIB_COMPATIBILITY_VERSION = 1;
				DYLIB_CURRENT_VERSION = 7;
				DYLIB_INSTALL_NAME_BASE = "@rpath";
				INFOPLIST_FILE = "WhatToWearCommonTesting/Supporting Files/Info.plist";
				INSTALL_PATH = "$(LOCAL_LIBRARY_DIR)/Frameworks";
				IPHONEOS_DEPLOYMENT_TARGET = 10.0;
				LD_RUNPATH_SEARCH_PATHS = (
					"$(inherited)",
					"@executable_path/Frameworks",
					"@loader_path/Frameworks",
				);
				PRODUCT_BUNDLE_IDENTIFIER = com.noobish1.WhatToWearCommonTesting;
				PRODUCT_NAME = "$(TARGET_NAME:c99extidentifier)";
				SKIP_INSTALL = YES;
				TARGETED_DEVICE_FAMILY = "1,2";
			};
			name = Release;
		};
		75B7100220FB2C52007242EF /* Debug */ = {
			isa = XCBuildConfiguration;
			baseConfigurationReference = 9A98FD7553FD3848BDEF6976 /* Pods-WhatToWearCommonTestingTests.debug.xcconfig */;
			buildSettings = {
				CLANG_ENABLE_MODULES = YES;
				CODE_SIGN_STYLE = Automatic;
				DEVELOPMENT_TEAM = 3JE2245GFQ;
				INFOPLIST_FILE = "WhatToWearCommonTestingTests/Supporting Files/Info.plist";
				LD_RUNPATH_SEARCH_PATHS = (
					"$(inherited)",
					"@executable_path/Frameworks",
					"@loader_path/Frameworks",
				);
				PRODUCT_BUNDLE_IDENTIFIER = com.noobish1.WhatToWearCommonTestingTests;
				PRODUCT_NAME = "$(TARGET_NAME)";
				SWIFT_OPTIMIZATION_LEVEL = "-Onone";
				TARGETED_DEVICE_FAMILY = "1,2";
			};
			name = Debug;
		};
		75B7100320FB2C52007242EF /* Release */ = {
			isa = XCBuildConfiguration;
			baseConfigurationReference = 2C3DD600A825AF7212698098 /* Pods-WhatToWearCommonTestingTests.release.xcconfig */;
			buildSettings = {
				CLANG_ENABLE_MODULES = YES;
				CODE_SIGN_STYLE = Automatic;
				DEVELOPMENT_TEAM = 3JE2245GFQ;
				INFOPLIST_FILE = "WhatToWearCommonTestingTests/Supporting Files/Info.plist";
				LD_RUNPATH_SEARCH_PATHS = (
					"$(inherited)",
					"@executable_path/Frameworks",
					"@loader_path/Frameworks",
				);
				PRODUCT_BUNDLE_IDENTIFIER = com.noobish1.WhatToWearCommonTestingTests;
				PRODUCT_NAME = "$(TARGET_NAME)";
				TARGETED_DEVICE_FAMILY = "1,2";
			};
			name = Release;
		};
/* End XCBuildConfiguration section */

/* Begin XCConfigurationList section */
		75B70FE420FB2C51007242EF /* Build configuration list for PBXProject "WhatToWearCommonTesting" */ = {
			isa = XCConfigurationList;
			buildConfigurations = (
				75B70FFC20FB2C52007242EF /* Debug */,
				75B70FFD20FB2C52007242EF /* Release */,
			);
			defaultConfigurationIsVisible = 0;
			defaultConfigurationName = Release;
		};
		75B70FFE20FB2C52007242EF /* Build configuration list for PBXNativeTarget "WhatToWearCommonTesting" */ = {
			isa = XCConfigurationList;
			buildConfigurations = (
				75B70FFF20FB2C52007242EF /* Debug */,
				75B7100020FB2C52007242EF /* Release */,
			);
			defaultConfigurationIsVisible = 0;
			defaultConfigurationName = Release;
		};
		75B7100120FB2C52007242EF /* Build configuration list for PBXNativeTarget "WhatToWearCommonTestingTests" */ = {
			isa = XCConfigurationList;
			buildConfigurations = (
				75B7100220FB2C52007242EF /* Debug */,
				75B7100320FB2C52007242EF /* Release */,
			);
			defaultConfigurationIsVisible = 0;
			defaultConfigurationName = Release;
		};
/* End XCConfigurationList section */
	};
	rootObject = 75B70FE120FB2C51007242EF /* Project object */;
}
